FORGE
  remote: https://forgeapi.puppetlabs.com
  specs:
    elasticsearch-elasticsearch (0.4.0)
      puppetlabs-stdlib (>= 3.2.0)
    puppetlabs-apt (1.7.0)
      puppetlabs-stdlib (>= 2.2.1)
    puppetlabs-java (1.2.0)
      puppetlabs-stdlib (>= 2.4.0)
    puppetlabs-stdlib (4.3.2)

DEPENDENCIES
  elasticsearch-elasticsearch (>= 0)
  puppetlabs-apt (>= 0)
  puppetlabs-java (>= 0)

